// !$*UTF8*$!
{
	archiveVersion = 1;
	classes = {
	};
	objectVersion = 46;
	objects = {

/* Begin PBXBuildFile section */
		D3CAAA2A1AE5437A00C7BC53 /* main.m in Sources */ = {isa = PBXBuildFile; fileRef = D3CAAA291AE5437A00C7BC53 /* main.m */; };
		D3CAAA2D1AE5437A00C7BC53 /* AppDelegate.m in Sources */ = {isa = PBXBuildFile; fileRef = D3CAAA2C1AE5437A00C7BC53 /* AppDelegate.m */; };
		D3CAAA351AE5437A00C7BC53 /* Images.xcassets in Resources */ = {isa = PBXBuildFile; fileRef = D3CAAA341AE5437A00C7BC53 /* Images.xcassets */; };
		D3CAAA441AE5437A00C7BC53 /* HackerBooksProTests.m in Sources */ = {isa = PBXBuildFile; fileRef = D3CAAA431AE5437A00C7BC53 /* HackerBooksProTests.m */; };
		D3CAAA6F1AE5459300C7BC53 /* UIViewController+Navigation.m in Sources */ = {isa = PBXBuildFile; fileRef = D3CAAA691AE5459300C7BC53 /* UIViewController+Navigation.m */; };
		D3CAAA701AE5459300C7BC53 /* Model.xcdatamodeld in Sources */ = {isa = PBXBuildFile; fileRef = D3CAAA6B1AE5459300C7BC53 /* Model.xcdatamodeld */; };
		D3CAAA711AE5459300C7BC53 /* ADMCoreBaseClass.m in Sources */ = {isa = PBXBuildFile; fileRef = D3CAAA6D1AE5459300C7BC53 /* ADMCoreBaseClass.m */; };
		D3CAAA8F1AE545EF00C7BC53 /* _ADMCoreAnnotation.m in Sources */ = {isa = PBXBuildFile; fileRef = D3CAAA741AE545EF00C7BC53 /* _ADMCoreAnnotation.m */; };
		D3CAAA901AE545EF00C7BC53 /* _ADMCoreAuthor.m in Sources */ = {isa = PBXBuildFile; fileRef = D3CAAA761AE545EF00C7BC53 /* _ADMCoreAuthor.m */; };
		D3CAAA911AE545EF00C7BC53 /* _ADMCoreBook.m in Sources */ = {isa = PBXBuildFile; fileRef = D3CAAA781AE545EF00C7BC53 /* _ADMCoreBook.m */; };
		D3CAAA921AE545EF00C7BC53 /* _ADMCoreImage.m in Sources */ = {isa = PBXBuildFile; fileRef = D3CAAA7A1AE545EF00C7BC53 /* _ADMCoreImage.m */; };
		D3CAAA931AE545EF00C7BC53 /* _ADMCorePDF.m in Sources */ = {isa = PBXBuildFile; fileRef = D3CAAA7C1AE545EF00C7BC53 /* _ADMCorePDF.m */; };
		D3CAAA941AE545EF00C7BC53 /* _ADMCorePhoto.m in Sources */ = {isa = PBXBuildFile; fileRef = D3CAAA7E1AE545EF00C7BC53 /* _ADMCorePhoto.m */; };
		D3CAAA951AE545EF00C7BC53 /* _ADMCoreTag.m in Sources */ = {isa = PBXBuildFile; fileRef = D3CAAA801AE545EF00C7BC53 /* _ADMCoreTag.m */; };
		D3CAAA961AE545EF00C7BC53 /* ADMCoreAnnotation.m in Sources */ = {isa = PBXBuildFile; fileRef = D3CAAA821AE545EF00C7BC53 /* ADMCoreAnnotation.m */; };
		D3CAAA971AE545EF00C7BC53 /* ADMCoreAuthor.m in Sources */ = {isa = PBXBuildFile; fileRef = D3CAAA841AE545EF00C7BC53 /* ADMCoreAuthor.m */; };
		D3CAAA981AE545EF00C7BC53 /* ADMCoreBook.m in Sources */ = {isa = PBXBuildFile; fileRef = D3CAAA861AE545EF00C7BC53 /* ADMCoreBook.m */; };
		D3CAAA991AE545EF00C7BC53 /* ADMCoreImage.m in Sources */ = {isa = PBXBuildFile; fileRef = D3CAAA881AE545EF00C7BC53 /* ADMCoreImage.m */; };
		D3CAAA9A1AE545EF00C7BC53 /* ADMCorePDF.m in Sources */ = {isa = PBXBuildFile; fileRef = D3CAAA8A1AE545EF00C7BC53 /* ADMCorePDF.m */; };
		D3CAAA9B1AE545EF00C7BC53 /* ADMCorePhoto.m in Sources */ = {isa = PBXBuildFile; fileRef = D3CAAA8C1AE545EF00C7BC53 /* ADMCorePhoto.m */; };
		D3CAAA9C1AE545EF00C7BC53 /* ADMCoreTag.m in Sources */ = {isa = PBXBuildFile; fileRef = D3CAAA8E1AE545EF00C7BC53 /* ADMCoreTag.m */; };
		D3CAAAA11AE547AF00C7BC53 /* AGTCoreDataStack.m in Sources */ = {isa = PBXBuildFile; fileRef = D3CAAAA01AE547AF00C7BC53 /* AGTCoreDataStack.m */; };
		D3CAAAA31AE547EB00C7BC53 /* Default-568h@2x.png in Resources */ = {isa = PBXBuildFile; fileRef = D3CAAAA21AE547EB00C7BC53 /* Default-568h@2x.png */; };
		D3CAAAA61AE548F300C7BC53 /* AGTCoreDataTableViewController.m in Sources */ = {isa = PBXBuildFile; fileRef = D3CAAAA51AE548F300C7BC53 /* AGTCoreDataTableViewController.m */; };
		D3CAAAA91AE5494200C7BC53 /* ADMCoreBookViewController.m in Sources */ = {isa = PBXBuildFile; fileRef = D3CAAAA81AE5494200C7BC53 /* ADMCoreBookViewController.m */; };
		D3CAAAB41AE55B1700C7BC53 /* ADMNotesViewController.m in Sources */ = {isa = PBXBuildFile; fileRef = D3CAAAB31AE55B1700C7BC53 /* ADMNotesViewController.m */; };
		D3CAAAB81AE5609200C7BC53 /* AGTNoteViewController.m in Sources */ = {isa = PBXBuildFile; fileRef = D3CAAAB61AE5609200C7BC53 /* AGTNoteViewController.m */; };
		D3CAAAB91AE5609200C7BC53 /* AGTNoteViewController.xib in Resources */ = {isa = PBXBuildFile; fileRef = D3CAAAB71AE5609200C7BC53 /* AGTNoteViewController.xib */; };
		D3CAAABD1AE561B300C7BC53 /* AGTPhotoViewController.m in Sources */ = {isa = PBXBuildFile; fileRef = D3CAAABB1AE561B300C7BC53 /* AGTPhotoViewController.m */; };
		D3CAAABE1AE561B300C7BC53 /* AGTPhotoViewController.xib in Resources */ = {isa = PBXBuildFile; fileRef = D3CAAABC1AE561B300C7BC53 /* AGTPhotoViewController.xib */; };
		D3CAAAC21AE5670500C7BC53 /* ADMSimplePDFViewController.m in Sources */ = {isa = PBXBuildFile; fileRef = D3CAAAC01AE5670500C7BC53 /* ADMSimplePDFViewController.m */; };
		D3CAAAC31AE5670500C7BC53 /* ADMSimplePDFViewController.xib in Resources */ = {isa = PBXBuildFile; fileRef = D3CAAAC11AE5670500C7BC53 /* ADMSimplePDFViewController.xib */; };
		D3CAAAC91AE56FD300C7BC53 /* AGTMultiDictionary.m in Sources */ = {isa = PBXBuildFile; fileRef = D3CAAAC81AE56FD300C7BC53 /* AGTMultiDictionary.m */; };
/* End PBXBuildFile section */

/* Begin PBXContainerItemProxy section */
		D3CAAA3E1AE5437A00C7BC53 /* PBXContainerItemProxy */ = {
			isa = PBXContainerItemProxy;
			containerPortal = D3CAAA1C1AE5437A00C7BC53 /* Project object */;
			proxyType = 1;
			remoteGlobalIDString = D3CAAA231AE5437A00C7BC53;
			remoteInfo = HackerBooksPro;
		};
/* End PBXContainerItemProxy section */

/* Begin PBXFileReference section */
		D3CAAA241AE5437A00C7BC53 /* HackerBooksPro.app */ = {isa = PBXFileReference; explicitFileType = wrapper.application; includeInIndex = 0; path = HackerBooksPro.app; sourceTree = BUILT_PRODUCTS_DIR; };
		D3CAAA281AE5437A00C7BC53 /* Info.plist */ = {isa = PBXFileReference; lastKnownFileType = text.plist.xml; path = Info.plist; sourceTree = "<group>"; };
		D3CAAA291AE5437A00C7BC53 /* main.m */ = {isa = PBXFileReference; lastKnownFileType = sourcecode.c.objc; path = main.m; sourceTree = "<group>"; };
		D3CAAA2B1AE5437A00C7BC53 /* AppDelegate.h */ = {isa = PBXFileReference; lastKnownFileType = sourcecode.c.h; path = AppDelegate.h; sourceTree = "<group>"; };
		D3CAAA2C1AE5437A00C7BC53 /* AppDelegate.m */ = {isa = PBXFileReference; lastKnownFileType = sourcecode.c.objc; path = AppDelegate.m; sourceTree = "<group>"; };
		D3CAAA341AE5437A00C7BC53 /* Images.xcassets */ = {isa = PBXFileReference; lastKnownFileType = folder.assetcatalog; path = Images.xcassets; sourceTree = "<group>"; };
		D3CAAA3D1AE5437A00C7BC53 /* HackerBooksProTests.xctest */ = {isa = PBXFileReference; explicitFileType = wrapper.cfbundle; includeInIndex = 0; path = HackerBooksProTests.xctest; sourceTree = BUILT_PRODUCTS_DIR; };
		D3CAAA421AE5437A00C7BC53 /* Info.plist */ = {isa = PBXFileReference; lastKnownFileType = text.plist.xml; path = Info.plist; sourceTree = "<group>"; };
		D3CAAA431AE5437A00C7BC53 /* HackerBooksProTests.m */ = {isa = PBXFileReference; lastKnownFileType = sourcecode.c.objc; path = HackerBooksProTests.m; sourceTree = "<group>"; };
		D3CAAA691AE5459300C7BC53 /* UIViewController+Navigation.m */ = {isa = PBXFileReference; fileEncoding = 4; lastKnownFileType = sourcecode.c.objc; path = "UIViewController+Navigation.m"; sourceTree = "<group>"; };
		D3CAAA6A1AE5459300C7BC53 /* UIViewController+Navigation.h */ = {isa = PBXFileReference; fileEncoding = 4; lastKnownFileType = sourcecode.c.h; path = "UIViewController+Navigation.h"; sourceTree = "<group>"; };
		D3CAAA6C1AE5459300C7BC53 /* Model.xcdatamodel */ = {isa = PBXFileReference; lastKnownFileType = wrapper.xcdatamodel; path = Model.xcdatamodel; sourceTree = "<group>"; };
		D3CAAA6D1AE5459300C7BC53 /* ADMCoreBaseClass.m */ = {isa = PBXFileReference; fileEncoding = 4; lastKnownFileType = sourcecode.c.objc; path = ADMCoreBaseClass.m; sourceTree = "<group>"; };
		D3CAAA6E1AE5459300C7BC53 /* ADMCoreBaseClass.h */ = {isa = PBXFileReference; fileEncoding = 4; lastKnownFileType = sourcecode.c.h; path = ADMCoreBaseClass.h; sourceTree = "<group>"; };
		D3CAAA731AE545EF00C7BC53 /* _ADMCoreAnnotation.h */ = {isa = PBXFileReference; fileEncoding = 4; lastKnownFileType = sourcecode.c.h; path = _ADMCoreAnnotation.h; sourceTree = "<group>"; };
		D3CAAA741AE545EF00C7BC53 /* _ADMCoreAnnotation.m */ = {isa = PBXFileReference; fileEncoding = 4; lastKnownFileType = sourcecode.c.objc; path = _ADMCoreAnnotation.m; sourceTree = "<group>"; };
		D3CAAA751AE545EF00C7BC53 /* _ADMCoreAuthor.h */ = {isa = PBXFileReference; fileEncoding = 4; lastKnownFileType = sourcecode.c.h; path = _ADMCoreAuthor.h; sourceTree = "<group>"; };
		D3CAAA761AE545EF00C7BC53 /* _ADMCoreAuthor.m */ = {isa = PBXFileReference; fileEncoding = 4; lastKnownFileType = sourcecode.c.objc; path = _ADMCoreAuthor.m; sourceTree = "<group>"; };
		D3CAAA771AE545EF00C7BC53 /* _ADMCoreBook.h */ = {isa = PBXFileReference; fileEncoding = 4; lastKnownFileType = sourcecode.c.h; path = _ADMCoreBook.h; sourceTree = "<group>"; };
		D3CAAA781AE545EF00C7BC53 /* _ADMCoreBook.m */ = {isa = PBXFileReference; fileEncoding = 4; lastKnownFileType = sourcecode.c.objc; path = _ADMCoreBook.m; sourceTree = "<group>"; };
		D3CAAA791AE545EF00C7BC53 /* _ADMCoreImage.h */ = {isa = PBXFileReference; fileEncoding = 4; lastKnownFileType = sourcecode.c.h; path = _ADMCoreImage.h; sourceTree = "<group>"; };
		D3CAAA7A1AE545EF00C7BC53 /* _ADMCoreImage.m */ = {isa = PBXFileReference; fileEncoding = 4; lastKnownFileType = sourcecode.c.objc; path = _ADMCoreImage.m; sourceTree = "<group>"; };
		D3CAAA7B1AE545EF00C7BC53 /* _ADMCorePDF.h */ = {isa = PBXFileReference; fileEncoding = 4; lastKnownFileType = sourcecode.c.h; path = _ADMCorePDF.h; sourceTree = "<group>"; };
		D3CAAA7C1AE545EF00C7BC53 /* _ADMCorePDF.m */ = {isa = PBXFileReference; fileEncoding = 4; lastKnownFileType = sourcecode.c.objc; path = _ADMCorePDF.m; sourceTree = "<group>"; };
		D3CAAA7D1AE545EF00C7BC53 /* _ADMCorePhoto.h */ = {isa = PBXFileReference; fileEncoding = 4; lastKnownFileType = sourcecode.c.h; path = _ADMCorePhoto.h; sourceTree = "<group>"; };
		D3CAAA7E1AE545EF00C7BC53 /* _ADMCorePhoto.m */ = {isa = PBXFileReference; fileEncoding = 4; lastKnownFileType = sourcecode.c.objc; path = _ADMCorePhoto.m; sourceTree = "<group>"; };
		D3CAAA7F1AE545EF00C7BC53 /* _ADMCoreTag.h */ = {isa = PBXFileReference; fileEncoding = 4; lastKnownFileType = sourcecode.c.h; path = _ADMCoreTag.h; sourceTree = "<group>"; };
		D3CAAA801AE545EF00C7BC53 /* _ADMCoreTag.m */ = {isa = PBXFileReference; fileEncoding = 4; lastKnownFileType = sourcecode.c.objc; path = _ADMCoreTag.m; sourceTree = "<group>"; };
		D3CAAA811AE545EF00C7BC53 /* ADMCoreAnnotation.h */ = {isa = PBXFileReference; fileEncoding = 4; lastKnownFileType = sourcecode.c.h; path = ADMCoreAnnotation.h; sourceTree = "<group>"; };
		D3CAAA821AE545EF00C7BC53 /* ADMCoreAnnotation.m */ = {isa = PBXFileReference; fileEncoding = 4; lastKnownFileType = sourcecode.c.objc; path = ADMCoreAnnotation.m; sourceTree = "<group>"; };
		D3CAAA831AE545EF00C7BC53 /* ADMCoreAuthor.h */ = {isa = PBXFileReference; fileEncoding = 4; lastKnownFileType = sourcecode.c.h; path = ADMCoreAuthor.h; sourceTree = "<group>"; };
		D3CAAA841AE545EF00C7BC53 /* ADMCoreAuthor.m */ = {isa = PBXFileReference; fileEncoding = 4; lastKnownFileType = sourcecode.c.objc; path = ADMCoreAuthor.m; sourceTree = "<group>"; };
		D3CAAA851AE545EF00C7BC53 /* ADMCoreBook.h */ = {isa = PBXFileReference; fileEncoding = 4; lastKnownFileType = sourcecode.c.h; path = ADMCoreBook.h; sourceTree = "<group>"; };
		D3CAAA861AE545EF00C7BC53 /* ADMCoreBook.m */ = {isa = PBXFileReference; fileEncoding = 4; lastKnownFileType = sourcecode.c.objc; path = ADMCoreBook.m; sourceTree = "<group>"; };
		D3CAAA871AE545EF00C7BC53 /* ADMCoreImage.h */ = {isa = PBXFileReference; fileEncoding = 4; lastKnownFileType = sourcecode.c.h; path = ADMCoreImage.h; sourceTree = "<group>"; };
		D3CAAA881AE545EF00C7BC53 /* ADMCoreImage.m */ = {isa = PBXFileReference; fileEncoding = 4; lastKnownFileType = sourcecode.c.objc; path = ADMCoreImage.m; sourceTree = "<group>"; };
		D3CAAA891AE545EF00C7BC53 /* ADMCorePDF.h */ = {isa = PBXFileReference; fileEncoding = 4; lastKnownFileType = sourcecode.c.h; path = ADMCorePDF.h; sourceTree = "<group>"; };
		D3CAAA8A1AE545EF00C7BC53 /* ADMCorePDF.m */ = {isa = PBXFileReference; fileEncoding = 4; lastKnownFileType = sourcecode.c.objc; path = ADMCorePDF.m; sourceTree = "<group>"; };
		D3CAAA8B1AE545EF00C7BC53 /* ADMCorePhoto.h */ = {isa = PBXFileReference; fileEncoding = 4; lastKnownFileType = sourcecode.c.h; path = ADMCorePhoto.h; sourceTree = "<group>"; };
		D3CAAA8C1AE545EF00C7BC53 /* ADMCorePhoto.m */ = {isa = PBXFileReference; fileEncoding = 4; lastKnownFileType = sourcecode.c.objc; path = ADMCorePhoto.m; sourceTree = "<group>"; };
		D3CAAA8D1AE545EF00C7BC53 /* ADMCoreTag.h */ = {isa = PBXFileReference; fileEncoding = 4; lastKnownFileType = sourcecode.c.h; path = ADMCoreTag.h; sourceTree = "<group>"; };
		D3CAAA8E1AE545EF00C7BC53 /* ADMCoreTag.m */ = {isa = PBXFileReference; fileEncoding = 4; lastKnownFileType = sourcecode.c.objc; path = ADMCoreTag.m; sourceTree = "<group>"; };
		D3CAAA9F1AE547AF00C7BC53 /* AGTCoreDataStack.h */ = {isa = PBXFileReference; fileEncoding = 4; lastKnownFileType = sourcecode.c.h; path = AGTCoreDataStack.h; sourceTree = "<group>"; };
		D3CAAAA01AE547AF00C7BC53 /* AGTCoreDataStack.m */ = {isa = PBXFileReference; fileEncoding = 4; lastKnownFileType = sourcecode.c.objc; path = AGTCoreDataStack.m; sourceTree = "<group>"; };
		D3CAAAA21AE547EB00C7BC53 /* Default-568h@2x.png */ = {isa = PBXFileReference; lastKnownFileType = image.png; path = "Default-568h@2x.png"; sourceTree = "<group>"; };
		D3CAAAA41AE548F300C7BC53 /* AGTCoreDataTableViewController.h */ = {isa = PBXFileReference; fileEncoding = 4; lastKnownFileType = sourcecode.c.h; name = AGTCoreDataTableViewController.h; path = ../../HackerBooks/HackerBooks/AGTCoreDataTableViewController.h; sourceTree = "<group>"; };
		D3CAAAA51AE548F300C7BC53 /* AGTCoreDataTableViewController.m */ = {isa = PBXFileReference; fileEncoding = 4; lastKnownFileType = sourcecode.c.objc; name = AGTCoreDataTableViewController.m; path = ../../HackerBooks/HackerBooks/AGTCoreDataTableViewController.m; sourceTree = "<group>"; };
		D3CAAAA71AE5494200C7BC53 /* ADMCoreBookViewController.h */ = {isa = PBXFileReference; fileEncoding = 4; lastKnownFileType = sourcecode.c.h; path = ADMCoreBookViewController.h; sourceTree = "<group>"; };
		D3CAAAA81AE5494200C7BC53 /* ADMCoreBookViewController.m */ = {isa = PBXFileReference; fileEncoding = 4; lastKnownFileType = sourcecode.c.objc; path = ADMCoreBookViewController.m; sourceTree = "<group>"; };
		D3CAAAB21AE55B1700C7BC53 /* ADMNotesViewController.h */ = {isa = PBXFileReference; fileEncoding = 4; lastKnownFileType = sourcecode.c.h; path = ADMNotesViewController.h; sourceTree = "<group>"; };
		D3CAAAB31AE55B1700C7BC53 /* ADMNotesViewController.m */ = {isa = PBXFileReference; fileEncoding = 4; lastKnownFileType = sourcecode.c.objc; path = ADMNotesViewController.m; sourceTree = "<group>"; };
		D3CAAAB51AE5609200C7BC53 /* AGTNoteViewController.h */ = {isa = PBXFileReference; fileEncoding = 4; lastKnownFileType = sourcecode.c.h; path = AGTNoteViewController.h; sourceTree = "<group>"; };
		D3CAAAB61AE5609200C7BC53 /* AGTNoteViewController.m */ = {isa = PBXFileReference; fileEncoding = 4; lastKnownFileType = sourcecode.c.objc; path = AGTNoteViewController.m; sourceTree = "<group>"; };
		D3CAAAB71AE5609200C7BC53 /* AGTNoteViewController.xib */ = {isa = PBXFileReference; fileEncoding = 4; lastKnownFileType = file.xib; path = AGTNoteViewController.xib; sourceTree = "<group>"; };
		D3CAAABA1AE561B300C7BC53 /* AGTPhotoViewController.h */ = {isa = PBXFileReference; fileEncoding = 4; lastKnownFileType = sourcecode.c.h; path = AGTPhotoViewController.h; sourceTree = "<group>"; };
		D3CAAABB1AE561B300C7BC53 /* AGTPhotoViewController.m */ = {isa = PBXFileReference; fileEncoding = 4; lastKnownFileType = sourcecode.c.objc; path = AGTPhotoViewController.m; sourceTree = "<group>"; };
		D3CAAABC1AE561B300C7BC53 /* AGTPhotoViewController.xib */ = {isa = PBXFileReference; fileEncoding = 4; lastKnownFileType = file.xib; path = AGTPhotoViewController.xib; sourceTree = "<group>"; };
		D3CAAABF1AE5670500C7BC53 /* ADMSimplePDFViewController.h */ = {isa = PBXFileReference; fileEncoding = 4; lastKnownFileType = sourcecode.c.h; path = ADMSimplePDFViewController.h; sourceTree = "<group>"; };
		D3CAAAC01AE5670500C7BC53 /* ADMSimplePDFViewController.m */ = {isa = PBXFileReference; fileEncoding = 4; lastKnownFileType = sourcecode.c.objc; path = ADMSimplePDFViewController.m; sourceTree = "<group>"; };
		D3CAAAC11AE5670500C7BC53 /* ADMSimplePDFViewController.xib */ = {isa = PBXFileReference; fileEncoding = 4; lastKnownFileType = file.xib; path = ADMSimplePDFViewController.xib; sourceTree = "<group>"; };
		D3CAAAC71AE56FD300C7BC53 /* AGTMultiDictionary.h */ = {isa = PBXFileReference; fileEncoding = 4; lastKnownFileType = sourcecode.c.h; path = AGTMultiDictionary.h; sourceTree = "<group>"; };
		D3CAAAC81AE56FD300C7BC53 /* AGTMultiDictionary.m */ = {isa = PBXFileReference; fileEncoding = 4; lastKnownFileType = sourcecode.c.objc; path = AGTMultiDictionary.m; sourceTree = "<group>"; };
/* End PBXFileReference section */

/* Begin PBXFrameworksBuildPhase section */
		D3CAAA211AE5437A00C7BC53 /* Frameworks */ = {
			isa = PBXFrameworksBuildPhase;
			buildActionMask = 2147483647;
			files = (
			);
			runOnlyForDeploymentPostprocessing = 0;
		};
		D3CAAA3A1AE5437A00C7BC53 /* Frameworks */ = {
			isa = PBXFrameworksBuildPhase;
			buildActionMask = 2147483647;
			files = (
			);
			runOnlyForDeploymentPostprocessing = 0;
		};
/* End PBXFrameworksBuildPhase section */

/* Begin PBXGroup section */
		D3CAAA1B1AE5437A00C7BC53 = {
			isa = PBXGroup;
			children = (
				D3CAAAA21AE547EB00C7BC53 /* Default-568h@2x.png */,
				D3CAAA721AE5459800C7BC53 /* Categories */,
				D3CAAA261AE5437A00C7BC53 /* HackerBooksPro */,
				D3CAAA401AE5437A00C7BC53 /* HackerBooksProTests */,
				D3CAAA251AE5437A00C7BC53 /* Products */,
			);
			sourceTree = "<group>";
		};
		D3CAAA251AE5437A00C7BC53 /* Products */ = {
			isa = PBXGroup;
			children = (
				D3CAAA241AE5437A00C7BC53 /* HackerBooksPro.app */,
				D3CAAA3D1AE5437A00C7BC53 /* HackerBooksProTests.xctest */,
			);
			name = Products;
			sourceTree = "<group>";
		};
		D3CAAA261AE5437A00C7BC53 /* HackerBooksPro */ = {
			isa = PBXGroup;
			children = (
				D3CAAA4E1AE5445300C7BC53 /* Controllers */,
				D3CAAA501AE5446300C7BC53 /* AppDelegate */,
				D3CAAA4D1AE5444B00C7BC53 /* Models */,
				D3CAAA341AE5437A00C7BC53 /* Images.xcassets */,
				D3CAAA271AE5437A00C7BC53 /* Supporting Files */,
			);
			path = HackerBooksPro;
			sourceTree = "<group>";
		};
		D3CAAA271AE5437A00C7BC53 /* Supporting Files */ = {
			isa = PBXGroup;
			children = (
				D3CAAA281AE5437A00C7BC53 /* Info.plist */,
				D3CAAA291AE5437A00C7BC53 /* main.m */,
			);
			name = "Supporting Files";
			sourceTree = "<group>";
		};
		D3CAAA401AE5437A00C7BC53 /* HackerBooksProTests */ = {
			isa = PBXGroup;
			children = (
				D3CAAA431AE5437A00C7BC53 /* HackerBooksProTests.m */,
				D3CAAA411AE5437A00C7BC53 /* Supporting Files */,
			);
			path = HackerBooksProTests;
			sourceTree = "<group>";
		};
		D3CAAA411AE5437A00C7BC53 /* Supporting Files */ = {
			isa = PBXGroup;
			children = (
				D3CAAA421AE5437A00C7BC53 /* Info.plist */,
			);
			name = "Supporting Files";
			sourceTree = "<group>";
		};
		D3CAAA4D1AE5444B00C7BC53 /* Models */ = {
			isa = PBXGroup;
			children = (
				D3CAAA9D1AE545FB00C7BC53 /* Machine */,
				D3CAAA9E1AE5478800C7BC53 /* CoreData */,
				D3CAAAC71AE56FD300C7BC53 /* AGTMultiDictionary.h */,
				D3CAAAC81AE56FD300C7BC53 /* AGTMultiDictionary.m */,
				D3CAAA6E1AE5459300C7BC53 /* ADMCoreBaseClass.h */,
				D3CAAA6D1AE5459300C7BC53 /* ADMCoreBaseClass.m */,
				D3CAAA811AE545EF00C7BC53 /* ADMCoreAnnotation.h */,
				D3CAAA821AE545EF00C7BC53 /* ADMCoreAnnotation.m */,
				D3CAAA831AE545EF00C7BC53 /* ADMCoreAuthor.h */,
				D3CAAA841AE545EF00C7BC53 /* ADMCoreAuthor.m */,
				D3CAAA851AE545EF00C7BC53 /* ADMCoreBook.h */,
				D3CAAA861AE545EF00C7BC53 /* ADMCoreBook.m */,
				D3CAAA871AE545EF00C7BC53 /* ADMCoreImage.h */,
				D3CAAA881AE545EF00C7BC53 /* ADMCoreImage.m */,
				D3CAAA891AE545EF00C7BC53 /* ADMCorePDF.h */,
				D3CAAA8A1AE545EF00C7BC53 /* ADMCorePDF.m */,
				D3CAAA8B1AE545EF00C7BC53 /* ADMCorePhoto.h */,
				D3CAAA8C1AE545EF00C7BC53 /* ADMCorePhoto.m */,
				D3CAAA8D1AE545EF00C7BC53 /* ADMCoreTag.h */,
				D3CAAA8E1AE545EF00C7BC53 /* ADMCoreTag.m */,
			);
			name = Models;
			sourceTree = "<group>";
		};
		D3CAAA4E1AE5445300C7BC53 /* Controllers */ = {
			isa = PBXGroup;
			children = (
				D3CAAAA41AE548F300C7BC53 /* AGTCoreDataTableViewController.h */,
				D3CAAAA51AE548F300C7BC53 /* AGTCoreDataTableViewController.m */,
				D3CAAAA71AE5494200C7BC53 /* ADMCoreBookViewController.h */,
				D3CAAAA81AE5494200C7BC53 /* ADMCoreBookViewController.m */,
				D3CAAAB21AE55B1700C7BC53 /* ADMNotesViewController.h */,
				D3CAAAB31AE55B1700C7BC53 /* ADMNotesViewController.m */,
				D3CAAAB51AE5609200C7BC53 /* AGTNoteViewController.h */,
				D3CAAAB61AE5609200C7BC53 /* AGTNoteViewController.m */,
				D3CAAAB71AE5609200C7BC53 /* AGTNoteViewController.xib */,
				D3CAAABA1AE561B300C7BC53 /* AGTPhotoViewController.h */,
				D3CAAABB1AE561B300C7BC53 /* AGTPhotoViewController.m */,
				D3CAAABC1AE561B300C7BC53 /* AGTPhotoViewController.xib */,
				D3CAAABF1AE5670500C7BC53 /* ADMSimplePDFViewController.h */,
				D3CAAAC01AE5670500C7BC53 /* ADMSimplePDFViewController.m */,
				D3CAAAC11AE5670500C7BC53 /* ADMSimplePDFViewController.xib */,
			);
			name = Controllers;
			sourceTree = "<group>";
		};
		D3CAAA501AE5446300C7BC53 /* AppDelegate */ = {
			isa = PBXGroup;
			children = (
				D3CAAA2B1AE5437A00C7BC53 /* AppDelegate.h */,
				D3CAAA2C1AE5437A00C7BC53 /* AppDelegate.m */,
			);
			name = AppDelegate;
			sourceTree = "<group>";
		};
		D3CAAA721AE5459800C7BC53 /* Categories */ = {
			isa = PBXGroup;
			children = (
				D3CAAA691AE5459300C7BC53 /* UIViewController+Navigation.m */,
				D3CAAA6A1AE5459300C7BC53 /* UIViewController+Navigation.h */,
			);
			name = Categories;
			path = HackerBooksPro;
			sourceTree = "<group>";
		};
		D3CAAA9D1AE545FB00C7BC53 /* Machine */ = {
			isa = PBXGroup;
			children = (
				D3CAAA731AE545EF00C7BC53 /* _ADMCoreAnnotation.h */,
				D3CAAA741AE545EF00C7BC53 /* _ADMCoreAnnotation.m */,
				D3CAAA751AE545EF00C7BC53 /* _ADMCoreAuthor.h */,
				D3CAAA761AE545EF00C7BC53 /* _ADMCoreAuthor.m */,
				D3CAAA771AE545EF00C7BC53 /* _ADMCoreBook.h */,
				D3CAAA781AE545EF00C7BC53 /* _ADMCoreBook.m */,
				D3CAAA791AE545EF00C7BC53 /* _ADMCoreImage.h */,
				D3CAAA7A1AE545EF00C7BC53 /* _ADMCoreImage.m */,
				D3CAAA7B1AE545EF00C7BC53 /* _ADMCorePDF.h */,
				D3CAAA7C1AE545EF00C7BC53 /* _ADMCorePDF.m */,
				D3CAAA7D1AE545EF00C7BC53 /* _ADMCorePhoto.h */,
				D3CAAA7E1AE545EF00C7BC53 /* _ADMCorePhoto.m */,
				D3CAAA7F1AE545EF00C7BC53 /* _ADMCoreTag.h */,
				D3CAAA801AE545EF00C7BC53 /* _ADMCoreTag.m */,
			);
			name = Machine;
			sourceTree = "<group>";
		};
		D3CAAA9E1AE5478800C7BC53 /* CoreData */ = {
			isa = PBXGroup;
			children = (
				D3CAAA9F1AE547AF00C7BC53 /* AGTCoreDataStack.h */,
				D3CAAAA01AE547AF00C7BC53 /* AGTCoreDataStack.m */,
				D3CAAA6B1AE5459300C7BC53 /* Model.xcdatamodeld */,
			);
			name = CoreData;
			sourceTree = "<group>";
		};
/* End PBXGroup section */

/* Begin PBXNativeTarget section */
		D3CAAA231AE5437A00C7BC53 /* HackerBooksPro */ = {
			isa = PBXNativeTarget;
			buildConfigurationList = D3CAAA471AE5437A00C7BC53 /* Build configuration list for PBXNativeTarget "HackerBooksPro" */;
			buildPhases = (
				D3CAAA201AE5437A00C7BC53 /* Sources */,
				D3CAAA211AE5437A00C7BC53 /* Frameworks */,
				D3CAAA221AE5437A00C7BC53 /* Resources */,
			);
			buildRules = (
			);
			dependencies = (
			);
			name = HackerBooksPro;
			productName = HackerBooksPro;
			productReference = D3CAAA241AE5437A00C7BC53 /* HackerBooksPro.app */;
			productType = "com.apple.product-type.application";
		};
		D3CAAA3C1AE5437A00C7BC53 /* HackerBooksProTests */ = {
			isa = PBXNativeTarget;
			buildConfigurationList = D3CAAA4A1AE5437A00C7BC53 /* Build configuration list for PBXNativeTarget "HackerBooksProTests" */;
			buildPhases = (
				D3CAAA391AE5437A00C7BC53 /* Sources */,
				D3CAAA3A1AE5437A00C7BC53 /* Frameworks */,
				D3CAAA3B1AE5437A00C7BC53 /* Resources */,
			);
			buildRules = (
			);
			dependencies = (
				D3CAAA3F1AE5437A00C7BC53 /* PBXTargetDependency */,
			);
			name = HackerBooksProTests;
			productName = HackerBooksProTests;
			productReference = D3CAAA3D1AE5437A00C7BC53 /* HackerBooksProTests.xctest */;
			productType = "com.apple.product-type.bundle.unit-test";
		};
/* End PBXNativeTarget section */

/* Begin PBXProject section */
		D3CAAA1C1AE5437A00C7BC53 /* Project object */ = {
			isa = PBXProject;
			attributes = {
				LastUpgradeCheck = 0630;
				ORGANIZATIONNAME = DiMartino;
				TargetAttributes = {
					D3CAAA231AE5437A00C7BC53 = {
						CreatedOnToolsVersion = 6.3;
					};
					D3CAAA3C1AE5437A00C7BC53 = {
						CreatedOnToolsVersion = 6.3;
						TestTargetID = D3CAAA231AE5437A00C7BC53;
					};
				};
			};
			buildConfigurationList = D3CAAA1F1AE5437A00C7BC53 /* Build configuration list for PBXProject "HackerBooksPro" */;
			compatibilityVersion = "Xcode 3.2";
			developmentRegion = English;
			hasScannedForEncodings = 0;
			knownRegions = (
				en,
				Base,
			);
			mainGroup = D3CAAA1B1AE5437A00C7BC53;
			productRefGroup = D3CAAA251AE5437A00C7BC53 /* Products */;
			projectDirPath = "";
			projectRoot = "";
			targets = (
				D3CAAA231AE5437A00C7BC53 /* HackerBooksPro */,
				D3CAAA3C1AE5437A00C7BC53 /* HackerBooksProTests */,
			);
		};
/* End PBXProject section */

/* Begin PBXResourcesBuildPhase section */
		D3CAAA221AE5437A00C7BC53 /* Resources */ = {
			isa = PBXResourcesBuildPhase;
			buildActionMask = 2147483647;
			files = (
				D3CAAABE1AE561B300C7BC53 /* AGTPhotoViewController.xib in Resources */,
				D3CAAA351AE5437A00C7BC53 /* Images.xcassets in Resources */,
				D3CAAAA31AE547EB00C7BC53 /* Default-568h@2x.png in Resources */,
				D3CAAAB91AE5609200C7BC53 /* AGTNoteViewController.xib in Resources */,
				D3CAAAC31AE5670500C7BC53 /* ADMSimplePDFViewController.xib in Resources */,
			);
			runOnlyForDeploymentPostprocessing = 0;
		};
		D3CAAA3B1AE5437A00C7BC53 /* Resources */ = {
			isa = PBXResourcesBuildPhase;
			buildActionMask = 2147483647;
			files = (
			);
			runOnlyForDeploymentPostprocessing = 0;
		};
/* End PBXResourcesBuildPhase section */

/* Begin PBXSourcesBuildPhase section */
		D3CAAA201AE5437A00C7BC53 /* Sources */ = {
			isa = PBXSourcesBuildPhase;
			buildActionMask = 2147483647;
			files = (
				D3CAAA8F1AE545EF00C7BC53 /* _ADMCoreAnnotation.m in Sources */,
				D3CAAA6F1AE5459300C7BC53 /* UIViewController+Navigation.m in Sources */,
				D3CAAAA61AE548F300C7BC53 /* AGTCoreDataTableViewController.m in Sources */,
				D3CAAAB81AE5609200C7BC53 /* AGTNoteViewController.m in Sources */,
				D3CAAAC91AE56FD300C7BC53 /* AGTMultiDictionary.m in Sources */,
				D3CAAAB41AE55B1700C7BC53 /* ADMNotesViewController.m in Sources */,
				D3CAAA971AE545EF00C7BC53 /* ADMCoreAuthor.m in Sources */,
				D3CAAA2D1AE5437A00C7BC53 /* AppDelegate.m in Sources */,
				D3CAAAA91AE5494200C7BC53 /* ADMCoreBookViewController.m in Sources */,
				D3CAAA981AE545EF00C7BC53 /* ADMCoreBook.m in Sources */,
				D3CAAA961AE545EF00C7BC53 /* ADMCoreAnnotation.m in Sources */,
				D3CAAAA11AE547AF00C7BC53 /* AGTCoreDataStack.m in Sources */,
				D3CAAA2A1AE5437A00C7BC53 /* main.m in Sources */,
				D3CAAA991AE545EF00C7BC53 /* ADMCoreImage.m in Sources */,
				D3CAAA711AE5459300C7BC53 /* ADMCoreBaseClass.m in Sources */,
				D3CAAA701AE5459300C7BC53 /* Model.xcdatamodeld in Sources */,
				D3CAAA931AE545EF00C7BC53 /* _ADMCorePDF.m in Sources */,
				D3CAAA941AE545EF00C7BC53 /* _ADMCorePhoto.m in Sources */,
				D3CAAA911AE545EF00C7BC53 /* _ADMCoreBook.m in Sources */,
				D3CAAA9A1AE545EF00C7BC53 /* ADMCorePDF.m in Sources */,
				D3CAAA9B1AE545EF00C7BC53 /* ADMCorePhoto.m in Sources */,
				D3CAAA901AE545EF00C7BC53 /* _ADMCoreAuthor.m in Sources */,
				D3CAAA9C1AE545EF00C7BC53 /* ADMCoreTag.m in Sources */,
				D3CAAA951AE545EF00C7BC53 /* _ADMCoreTag.m in Sources */,
				D3CAAA921AE545EF00C7BC53 /* _ADMCoreImage.m in Sources */,
				D3CAAAC21AE5670500C7BC53 /* ADMSimplePDFViewController.m in Sources */,
				D3CAAABD1AE561B300C7BC53 /* AGTPhotoViewController.m in Sources */,
			);
			runOnlyForDeploymentPostprocessing = 0;
		};
		D3CAAA391AE5437A00C7BC53 /* Sources */ = {
			isa = PBXSourcesBuildPhase;
			buildActionMask = 2147483647;
			files = (
				D3CAAA441AE5437A00C7BC53 /* HackerBooksProTests.m in Sources */,
			);
			runOnlyForDeploymentPostprocessing = 0;
		};
/* End PBXSourcesBuildPhase section */

/* Begin PBXTargetDependency section */
		D3CAAA3F1AE5437A00C7BC53 /* PBXTargetDependency */ = {
			isa = PBXTargetDependency;
			target = D3CAAA231AE5437A00C7BC53 /* HackerBooksPro */;
			targetProxy = D3CAAA3E1AE5437A00C7BC53 /* PBXContainerItemProxy */;
		};
/* End PBXTargetDependency section */

/* Begin XCBuildConfiguration section */
		D3CAAA451AE5437A00C7BC53 /* Debug */ = {
			isa = XCBuildConfiguration;
			buildSettings = {
				ALWAYS_SEARCH_USER_PATHS = NO;
				CLANG_CXX_LANGUAGE_STANDARD = "gnu++0x";
				CLANG_CXX_LIBRARY = "libc++";
				CLANG_ENABLE_MODULES = YES;
				CLANG_ENABLE_OBJC_ARC = YES;
				CLANG_WARN_BOOL_CONVERSION = YES;
				CLANG_WARN_CONSTANT_CONVERSION = YES;
				CLANG_WARN_DIRECT_OBJC_ISA_USAGE = YES_ERROR;
				CLANG_WARN_EMPTY_BODY = YES;
				CLANG_WARN_ENUM_CONVERSION = YES;
				CLANG_WARN_INT_CONVERSION = YES;
				CLANG_WARN_OBJC_ROOT_CLASS = YES_ERROR;
				CLANG_WARN_UNREACHABLE_CODE = YES;
				CLANG_WARN__DUPLICATE_METHOD_MATCH = YES;
				"CODE_SIGN_IDENTITY[sdk=iphoneos*]" = "iPhone Developer";
				COPY_PHASE_STRIP = NO;
				DEBUG_INFORMATION_FORMAT = "dwarf-with-dsym";
				ENABLE_STRICT_OBJC_MSGSEND = YES;
				GCC_C_LANGUAGE_STANDARD = gnu99;
				GCC_DYNAMIC_NO_PIC = NO;
				GCC_NO_COMMON_BLOCKS = YES;
				GCC_OPTIMIZATION_LEVEL = 0;
				GCC_PREPROCESSOR_DEFINITIONS = (
					"DEBUG=1",
					"$(inherited)",
				);
				GCC_SYMBOLS_PRIVATE_EXTERN = NO;
				GCC_WARN_64_TO_32_BIT_CONVERSION = YES;
				GCC_WARN_ABOUT_RETURN_TYPE = YES_ERROR;
				GCC_WARN_UNDECLARED_SELECTOR = YES;
				GCC_WARN_UNINITIALIZED_AUTOS = YES_AGGRESSIVE;
				GCC_WARN_UNUSED_FUNCTION = YES;
				GCC_WARN_UNUSED_VARIABLE = YES;
				IPHONEOS_DEPLOYMENT_TARGET = 8.3;
				MTL_ENABLE_DEBUG_INFO = YES;
				ONLY_ACTIVE_ARCH = YES;
				SDKROOT = iphoneos;
			};
			name = Debug;
		};
		D3CAAA461AE5437A00C7BC53 /* Release */ = {
			isa = XCBuildConfiguration;
			buildSettings = {
				ALWAYS_SEARCH_USER_PATHS = NO;
				CLANG_CXX_LANGUAGE_STANDARD = "gnu++0x";
				CLANG_CXX_LIBRARY = "libc++";
				CLANG_ENABLE_MODULES = YES;
				CLANG_ENABLE_OBJC_ARC = YES;
				CLANG_WARN_BOOL_CONVERSION = YES;
				CLANG_WARN_CONSTANT_CONVERSION = YES;
				CLANG_WARN_DIRECT_OBJC_ISA_USAGE = YES_ERROR;
				CLANG_WARN_EMPTY_BODY = YES;
				CLANG_WARN_ENUM_CONVERSION = YES;
				CLANG_WARN_INT_CONVERSION = YES;
				CLANG_WARN_OBJC_ROOT_CLASS = YES_ERROR;
				CLANG_WARN_UNREACHABLE_CODE = YES;
				CLANG_WARN__DUPLICATE_METHOD_MATCH = YES;
				"CODE_SIGN_IDENTITY[sdk=iphoneos*]" = "iPhone Developer";
				COPY_PHASE_STRIP = NO;
				DEBUG_INFORMATION_FORMAT = "dwarf-with-dsym";
				ENABLE_NS_ASSERTIONS = NO;
				ENABLE_STRICT_OBJC_MSGSEND = YES;
				GCC_C_LANGUAGE_STANDARD = gnu99;
				GCC_NO_COMMON_BLOCKS = YES;
				GCC_WARN_64_TO_32_BIT_CONVERSION = YES;
				GCC_WARN_ABOUT_RETURN_TYPE = YES_ERROR;
				GCC_WARN_UNDECLARED_SELECTOR = YES;
				GCC_WARN_UNINITIALIZED_AUTOS = YES_AGGRESSIVE;
				GCC_WARN_UNUSED_FUNCTION = YES;
				GCC_WARN_UNUSED_VARIABLE = YES;
				IPHONEOS_DEPLOYMENT_TARGET = 8.3;
				MTL_ENABLE_DEBUG_INFO = NO;
				SDKROOT = iphoneos;
				VALIDATE_PRODUCT = YES;
			};
			name = Release;
		};
		D3CAAA481AE5437A00C7BC53 /* Debug */ = {
			isa = XCBuildConfiguration;
			buildSettings = {
				ASSETCATALOG_COMPILER_APPICON_NAME = AppIcon;
				INFOPLIST_FILE = HackerBooksPro/Info.plist;
				LD_RUNPATH_SEARCH_PATHS = "$(inherited) @executable_path/Frameworks";
				PRODUCT_NAME = "$(TARGET_NAME)";
				TARGETED_DEVICE_FAMILY = 2;
			};
			name = Debug;
		};
		D3CAAA491AE5437A00C7BC53 /* Release */ = {
			isa = XCBuildConfiguration;
			buildSettings = {
				ASSETCATALOG_COMPILER_APPICON_NAME = AppIcon;
				INFOPLIST_FILE = HackerBooksPro/Info.plist;
				LD_RUNPATH_SEARCH_PATHS = "$(inherited) @executable_path/Frameworks";
				PRODUCT_NAME = "$(TARGET_NAME)";
				TARGETED_DEVICE_FAMILY = 2;
			};
			name = Release;
		};
		D3CAAA4B1AE5437A00C7BC53 /* Debug */ = {
			isa = XCBuildConfiguration;
			buildSettings = {
				BUNDLE_LOADER = "$(TEST_HOST)";
				FRAMEWORK_SEARCH_PATHS = (
					"$(SDKROOT)/Developer/Library/Frameworks",
					"$(inherited)",
				);
				GCC_PREPROCESSOR_DEFINITIONS = (
					"DEBUG=1",
					"$(inherited)",
				);
				INFOPLIST_FILE = HackerBooksProTests/Info.plist;
				LD_RUNPATH_SEARCH_PATHS = "$(inherited) @executable_path/Frameworks @loader_path/Frameworks";
				PRODUCT_NAME = "$(TARGET_NAME)";
				TEST_HOST = "$(BUILT_PRODUCTS_DIR)/HackerBooksPro.app/HackerBooksPro";
			};
			name = Debug;
		};
		D3CAAA4C1AE5437A00C7BC53 /* Release */ = {
			isa = XCBuildConfiguration;
			buildSettings = {
				BUNDLE_LOADER = "$(TEST_HOST)";
				FRAMEWORK_SEARCH_PATHS = (
					"$(SDKROOT)/Developer/Library/Frameworks",
					"$(inherited)",
				);
				INFOPLIST_FILE = HackerBooksProTests/Info.plist;
				LD_RUNPATH_SEARCH_PATHS = "$(inherited) @executable_path/Frameworks @loader_path/Frameworks";
				PRODUCT_NAME = "$(TARGET_NAME)";
				TEST_HOST = "$(BUILT_PRODUCTS_DIR)/HackerBooksPro.app/HackerBooksPro";
			};
			name = Release;
		};
/* End XCBuildConfiguration section */

/* Begin XCConfigurationList section */
		D3CAAA1F1AE5437A00C7BC53 /* Build configuration list for PBXProject "HackerBooksPro" */ = {
			isa = XCConfigurationList;
			buildConfigurations = (
				D3CAAA451AE5437A00C7BC53 /* Debug */,
				D3CAAA461AE5437A00C7BC53 /* Release */,
			);
			defaultConfigurationIsVisible = 0;
			defaultConfigurationName = Release;
		};
		D3CAAA471AE5437A00C7BC53 /* Build configuration list for PBXNativeTarget "HackerBooksPro" */ = {
			isa = XCConfigurationList;
			buildConfigurations = (
				D3CAAA481AE5437A00C7BC53 /* Debug */,
				D3CAAA491AE5437A00C7BC53 /* Release */,
			);
			defaultConfigurationIsVisible = 0;
			defaultConfigurationName = Release;
		};
		D3CAAA4A1AE5437A00C7BC53 /* Build configuration list for PBXNativeTarget "HackerBooksProTests" */ = {
			isa = XCConfigurationList;
			buildConfigurations = (
				D3CAAA4B1AE5437A00C7BC53 /* Debug */,
				D3CAAA4C1AE5437A00C7BC53 /* Release */,
			);
			defaultConfigurationIsVisible = 0;
			defaultConfigurationName = Release;
		};
/* End XCConfigurationList section */

/* Begin XCVersionGroup section */
		D3CAAA6B1AE5459300C7BC53 /* Model.xcdatamodeld */ = {
			isa = XCVersionGroup;
			children = (
				D3CAAA6C1AE5459300C7BC53 /* Model.xcdatamodel */,
			);
			currentVersion = D3CAAA6C1AE5459300C7BC53 /* Model.xcdatamodel */;
			path = Model.xcdatamodeld;
			sourceTree = "<group>";
			versionGroupType = wrapper.xcdatamodel;
		};
/* End XCVersionGroup section */
	};
	rootObject = D3CAAA1C1AE5437A00C7BC53 /* Project object */;
}
