// !$*UTF8*$!
{
	archiveVersion = 1;
	classes = {
	};
	objectVersion = 46;
	objects = {

/* Begin PBXBuildFile section */
		D3CAAA2A1AE5437A00C7BC53 /* main.m in Sources */ = {isa = PBXBuildFile; fileRef = D3CAAA291AE5437A00C7BC53 /* main.m */; };
		D3CAAA2D1AE5437A00C7BC53 /* AppDelegate.m in Sources */ = {isa = PBXBuildFile; fileRef = D3CAAA2C1AE5437A00C7BC53 /* AppDelegate.m */; };
		D3CAAA301AE5437A00C7BC53 /* ViewController.m in Sources */ = {isa = PBXBuildFile; fileRef = D3CAAA2F1AE5437A00C7BC53 /* ViewController.m */; };
		D3CAAA331AE5437A00C7BC53 /* Main.storyboard in Resources */ = {isa = PBXBuildFile; fileRef = D3CAAA311AE5437A00C7BC53 /* Main.storyboard */; };
		D3CAAA351AE5437A00C7BC53 /* Images.xcassets in Resources */ = {isa = PBXBuildFile; fileRef = D3CAAA341AE5437A00C7BC53 /* Images.xcassets */; };
		D3CAAA381AE5437A00C7BC53 /* LaunchScreen.xib in Resources */ = {isa = PBXBuildFile; fileRef = D3CAAA361AE5437A00C7BC53 /* LaunchScreen.xib */; };
		D3CAAA441AE5437A00C7BC53 /* HackerBooksProTests.m in Sources */ = {isa = PBXBuildFile; fileRef = D3CAAA431AE5437A00C7BC53 /* HackerBooksProTests.m */; };
/* End PBXBuildFile section */

/* Begin PBXContainerItemProxy section */
		D3CAAA3E1AE5437A00C7BC53 /* PBXContainerItemProxy */ = {
			isa = PBXContainerItemProxy;
			containerPortal = D3CAAA1C1AE5437A00C7BC53 /* Project object */;
			proxyType = 1;
			remoteGlobalIDString = D3CAAA231AE5437A00C7BC53;
			remoteInfo = HackerBooksPro;
		};
/* End PBXContainerItemProxy section */

/* Begin PBXFileReference section */
		D3CAAA241AE5437A00C7BC53 /* HackerBooksPro.app */ = {isa = PBXFileReference; explicitFileType = wrapper.application; includeInIndex = 0; path = HackerBooksPro.app; sourceTree = BUILT_PRODUCTS_DIR; };
		D3CAAA281AE5437A00C7BC53 /* Info.plist */ = {isa = PBXFileReference; lastKnownFileType = text.plist.xml; path = Info.plist; sourceTree = "<group>"; };
		D3CAAA291AE5437A00C7BC53 /* main.m */ = {isa = PBXFileReference; lastKnownFileType = sourcecode.c.objc; path = main.m; sourceTree = "<group>"; };
		D3CAAA2B1AE5437A00C7BC53 /* AppDelegate.h */ = {isa = PBXFileReference; lastKnownFileType = sourcecode.c.h; path = AppDelegate.h; sourceTree = "<group>"; };
		D3CAAA2C1AE5437A00C7BC53 /* AppDelegate.m */ = {isa = PBXFileReference; lastKnownFileType = sourcecode.c.objc; path = AppDelegate.m; sourceTree = "<group>"; };
		D3CAAA2E1AE5437A00C7BC53 /* ViewController.h */ = {isa = PBXFileReference; lastKnownFileType = sourcecode.c.h; path = ViewController.h; sourceTree = "<group>"; };
		D3CAAA2F1AE5437A00C7BC53 /* ViewController.m */ = {isa = PBXFileReference; lastKnownFileType = sourcecode.c.objc; path = ViewController.m; sourceTree = "<group>"; };
		D3CAAA321AE5437A00C7BC53 /* Base */ = {isa = PBXFileReference; lastKnownFileType = file.storyboard; name = Base; path = Base.lproj/Main.storyboard; sourceTree = "<group>"; };
		D3CAAA341AE5437A00C7BC53 /* Images.xcassets */ = {isa = PBXFileReference; lastKnownFileType = folder.assetcatalog; path = Images.xcassets; sourceTree = "<group>"; };
		D3CAAA371AE5437A00C7BC53 /* Base */ = {isa = PBXFileReference; lastKnownFileType = file.xib; name = Base; path = Base.lproj/LaunchScreen.xib; sourceTree = "<group>"; };
		D3CAAA3D1AE5437A00C7BC53 /* HackerBooksProTests.xctest */ = {isa = PBXFileReference; explicitFileType = wrapper.cfbundle; includeInIndex = 0; path = HackerBooksProTests.xctest; sourceTree = BUILT_PRODUCTS_DIR; };
		D3CAAA421AE5437A00C7BC53 /* Info.plist */ = {isa = PBXFileReference; lastKnownFileType = text.plist.xml; path = Info.plist; sourceTree = "<group>"; };
		D3CAAA431AE5437A00C7BC53 /* HackerBooksProTests.m */ = {isa = PBXFileReference; lastKnownFileType = sourcecode.c.objc; path = HackerBooksProTests.m; sourceTree = "<group>"; };
/* End PBXFileReference section */

/* Begin PBXFrameworksBuildPhase section */
		D3CAAA211AE5437A00C7BC53 /* Frameworks */ = {
			isa = PBXFrameworksBuildPhase;
			buildActionMask = 2147483647;
			files = (
			);
			runOnlyForDeploymentPostprocessing = 0;
		};
		D3CAAA3A1AE5437A00C7BC53 /* Frameworks */ = {
			isa = PBXFrameworksBuildPhase;
			buildActionMask = 2147483647;
			files = (
			);
			runOnlyForDeploymentPostprocessing = 0;
		};
/* End PBXFrameworksBuildPhase section */

/* Begin PBXGroup section */
		D3CAAA1B1AE5437A00C7BC53 = {
			isa = PBXGroup;
			children = (
				D3CAAA261AE5437A00C7BC53 /* HackerBooksPro */,
				D3CAAA401AE5437A00C7BC53 /* HackerBooksProTests */,
				D3CAAA251AE5437A00C7BC53 /* Products */,
			);
			sourceTree = "<group>";
		};
		D3CAAA251AE5437A00C7BC53 /* Products */ = {
			isa = PBXGroup;
			children = (
				D3CAAA241AE5437A00C7BC53 /* HackerBooksPro.app */,
				D3CAAA3D1AE5437A00C7BC53 /* HackerBooksProTests.xctest */,
			);
			name = Products;
			sourceTree = "<group>";
		};
		D3CAAA261AE5437A00C7BC53 /* HackerBooksPro */ = {
			isa = PBXGroup;
			children = (
				D3CAAA2B1AE5437A00C7BC53 /* AppDelegate.h */,
				D3CAAA2C1AE5437A00C7BC53 /* AppDelegate.m */,
				D3CAAA2E1AE5437A00C7BC53 /* ViewController.h */,
				D3CAAA2F1AE5437A00C7BC53 /* ViewController.m */,
				D3CAAA311AE5437A00C7BC53 /* Main.storyboard */,
				D3CAAA341AE5437A00C7BC53 /* Images.xcassets */,
				D3CAAA361AE5437A00C7BC53 /* LaunchScreen.xib */,
				D3CAAA271AE5437A00C7BC53 /* Supporting Files */,
			);
			path = HackerBooksPro;
			sourceTree = "<group>";
		};
		D3CAAA271AE5437A00C7BC53 /* Supporting Files */ = {
			isa = PBXGroup;
			children = (
				D3CAAA281AE5437A00C7BC53 /* Info.plist */,
				D3CAAA291AE5437A00C7BC53 /* main.m */,
			);
			name = "Supporting Files";
			sourceTree = "<group>";
		};
		D3CAAA401AE5437A00C7BC53 /* HackerBooksProTests */ = {
			isa = PBXGroup;
			children = (
				D3CAAA431AE5437A00C7BC53 /* HackerBooksProTests.m */,
				D3CAAA411AE5437A00C7BC53 /* Supporting Files */,
			);
			path = HackerBooksProTests;
			sourceTree = "<group>";
		};
		D3CAAA411AE5437A00C7BC53 /* Supporting Files */ = {
			isa = PBXGroup;
			children = (
				D3CAAA421AE5437A00C7BC53 /* Info.plist */,
			);
			name = "Supporting Files";
			sourceTree = "<group>";
		};
/* End PBXGroup section */

/* Begin PBXNativeTarget section */
		D3CAAA231AE5437A00C7BC53 /* HackerBooksPro */ = {
			isa = PBXNativeTarget;
			buildConfigurationList = D3CAAA471AE5437A00C7BC53 /* Build configuration list for PBXNativeTarget "HackerBooksPro" */;
			buildPhases = (
				D3CAAA201AE5437A00C7BC53 /* Sources */,
				D3CAAA211AE5437A00C7BC53 /* Frameworks */,
				D3CAAA221AE5437A00C7BC53 /* Resources */,
			);
			buildRules = (
			);
			dependencies = (
			);
			name = HackerBooksPro;
			productName = HackerBooksPro;
			productReference = D3CAAA241AE5437A00C7BC53 /* HackerBooksPro.app */;
			productType = "com.apple.product-type.application";
		};
		D3CAAA3C1AE5437A00C7BC53 /* HackerBooksProTests */ = {
			isa = PBXNativeTarget;
			buildConfigurationList = D3CAAA4A1AE5437A00C7BC53 /* Build configuration list for PBXNativeTarget "HackerBooksProTests" */;
			buildPhases = (
				D3CAAA391AE5437A00C7BC53 /* Sources */,
				D3CAAA3A1AE5437A00C7BC53 /* Frameworks */,
				D3CAAA3B1AE5437A00C7BC53 /* Resources */,
			);
			buildRules = (
			);
			dependencies = (
				D3CAAA3F1AE5437A00C7BC53 /* PBXTargetDependency */,
			);
			name = HackerBooksProTests;
			productName = HackerBooksProTests;
			productReference = D3CAAA3D1AE5437A00C7BC53 /* HackerBooksProTests.xctest */;
			productType = "com.apple.product-type.bundle.unit-test";
		};
/* End PBXNativeTarget section */

/* Begin PBXProject section */
		D3CAAA1C1AE5437A00C7BC53 /* Project object */ = {
			isa = PBXProject;
			attributes = {
				LastUpgradeCheck = 0630;
				ORGANIZATIONNAME = DiMartino;
				TargetAttributes = {
					D3CAAA231AE5437A00C7BC53 = {
						CreatedOnToolsVersion = 6.3;
					};
					D3CAAA3C1AE5437A00C7BC53 = {
						CreatedOnToolsVersion = 6.3;
						TestTargetID = D3CAAA231AE5437A00C7BC53;
					};
				};
			};
			buildConfigurationList = D3CAAA1F1AE5437A00C7BC53 /* Build configuration list for PBXProject "HackerBooksPro" */;
			compatibilityVersion = "Xcode 3.2";
			developmentRegion = English;
			hasScannedForEncodings = 0;
			knownRegions = (
				en,
				Base,
			);
			mainGroup = D3CAAA1B1AE5437A00C7BC53;
			productRefGroup = D3CAAA251AE5437A00C7BC53 /* Products */;
			projectDirPath = "";
			projectRoot = "";
			targets = (
				D3CAAA231AE5437A00C7BC53 /* HackerBooksPro */,
				D3CAAA3C1AE5437A00C7BC53 /* HackerBooksProTests */,
			);
		};
/* End PBXProject section */

/* Begin PBXResourcesBuildPhase section */
		D3CAAA221AE5437A00C7BC53 /* Resources */ = {
			isa = PBXResourcesBuildPhase;
			buildActionMask = 2147483647;
			files = (
				D3CAAA331AE5437A00C7BC53 /* Main.storyboard in Resources */,
				D3CAAA381AE5437A00C7BC53 /* LaunchScreen.xib in Resources */,
				D3CAAA351AE5437A00C7BC53 /* Images.xcassets in Resources */,
			);
			runOnlyForDeploymentPostprocessing = 0;
		};
		D3CAAA3B1AE5437A00C7BC53 /* Resources */ = {
			isa = PBXResourcesBuildPhase;
			buildActionMask = 2147483647;
			files = (
			);
			runOnlyForDeploymentPostprocessing = 0;
		};
/* End PBXResourcesBuildPhase section */

/* Begin PBXSourcesBuildPhase section */
		D3CAAA201AE5437A00C7BC53 /* Sources */ = {
			isa = PBXSourcesBuildPhase;
			buildActionMask = 2147483647;
			files = (
				D3CAAA301AE5437A00C7BC53 /* ViewController.m in Sources */,
				D3CAAA2D1AE5437A00C7BC53 /* AppDelegate.m in Sources */,
				D3CAAA2A1AE5437A00C7BC53 /* main.m in Sources */,
			);
			runOnlyForDeploymentPostprocessing = 0;
		};
		D3CAAA391AE5437A00C7BC53 /* Sources */ = {
			isa = PBXSourcesBuildPhase;
			buildActionMask = 2147483647;
			files = (
				D3CAAA441AE5437A00C7BC53 /* HackerBooksProTests.m in Sources */,
			);
			runOnlyForDeploymentPostprocessing = 0;
		};
/* End PBXSourcesBuildPhase section */

/* Begin PBXTargetDependency section */
		D3CAAA3F1AE5437A00C7BC53 /* PBXTargetDependency */ = {
			isa = PBXTargetDependency;
			target = D3CAAA231AE5437A00C7BC53 /* HackerBooksPro */;
			targetProxy = D3CAAA3E1AE5437A00C7BC53 /* PBXContainerItemProxy */;
		};
/* End PBXTargetDependency section */

/* Begin PBXVariantGroup section */
		D3CAAA311AE5437A00C7BC53 /* Main.storyboard */ = {
			isa = PBXVariantGroup;
			children = (
				D3CAAA321AE5437A00C7BC53 /* Base */,
			);
			name = Main.storyboard;
			sourceTree = "<group>";
		};
		D3CAAA361AE5437A00C7BC53 /* LaunchScreen.xib */ = {
			isa = PBXVariantGroup;
			children = (
				D3CAAA371AE5437A00C7BC53 /* Base */,
			);
			name = LaunchScreen.xib;
			sourceTree = "<group>";
		};
/* End PBXVariantGroup section */

/* Begin XCBuildConfiguration section */
		D3CAAA451AE5437A00C7BC53 /* Debug */ = {
			isa = XCBuildConfiguration;
			buildSettings = {
				ALWAYS_SEARCH_USER_PATHS = NO;
				CLANG_CXX_LANGUAGE_STANDARD = "gnu++0x";
				CLANG_CXX_LIBRARY = "libc++";
				CLANG_ENABLE_MODULES = YES;
				CLANG_ENABLE_OBJC_ARC = YES;
				CLANG_WARN_BOOL_CONVERSION = YES;
				CLANG_WARN_CONSTANT_CONVERSION = YES;
				CLANG_WARN_DIRECT_OBJC_ISA_USAGE = YES_ERROR;
				CLANG_WARN_EMPTY_BODY = YES;
				CLANG_WARN_ENUM_CONVERSION = YES;
				CLANG_WARN_INT_CONVERSION = YES;
				CLANG_WARN_OBJC_ROOT_CLASS = YES_ERROR;
				CLANG_WARN_UNREACHABLE_CODE = YES;
				CLANG_WARN__DUPLICATE_METHOD_MATCH = YES;
				"CODE_SIGN_IDENTITY[sdk=iphoneos*]" = "iPhone Developer";
				COPY_PHASE_STRIP = NO;
				DEBUG_INFORMATION_FORMAT = "dwarf-with-dsym";
				ENABLE_STRICT_OBJC_MSGSEND = YES;
				GCC_C_LANGUAGE_STANDARD = gnu99;
				GCC_DYNAMIC_NO_PIC = NO;
				GCC_NO_COMMON_BLOCKS = YES;
				GCC_OPTIMIZATION_LEVEL = 0;
				GCC_PREPROCESSOR_DEFINITIONS = (
					"DEBUG=1",
					"$(inherited)",
				);
				GCC_SYMBOLS_PRIVATE_EXTERN = NO;
				GCC_WARN_64_TO_32_BIT_CONVERSION = YES;
				GCC_WARN_ABOUT_RETURN_TYPE = YES_ERROR;
				GCC_WARN_UNDECLARED_SELECTOR = YES;
				GCC_WARN_UNINITIALIZED_AUTOS = YES_AGGRESSIVE;
				GCC_WARN_UNUSED_FUNCTION = YES;
				GCC_WARN_UNUSED_VARIABLE = YES;
				IPHONEOS_DEPLOYMENT_TARGET = 8.3;
				MTL_ENABLE_DEBUG_INFO = YES;
				ONLY_ACTIVE_ARCH = YES;
				SDKROOT = iphoneos;
			};
			name = Debug;
		};
		D3CAAA461AE5437A00C7BC53 /* Release */ = {
			isa = XCBuildConfiguration;
			buildSettings = {
				ALWAYS_SEARCH_USER_PATHS = NO;
				CLANG_CXX_LANGUAGE_STANDARD = "gnu++0x";
				CLANG_CXX_LIBRARY = "libc++";
				CLANG_ENABLE_MODULES = YES;
				CLANG_ENABLE_OBJC_ARC = YES;
				CLANG_WARN_BOOL_CONVERSION = YES;
				CLANG_WARN_CONSTANT_CONVERSION = YES;
				CLANG_WARN_DIRECT_OBJC_ISA_USAGE = YES_ERROR;
				CLANG_WARN_EMPTY_BODY = YES;
				CLANG_WARN_ENUM_CONVERSION = YES;
				CLANG_WARN_INT_CONVERSION = YES;
				CLANG_WARN_OBJC_ROOT_CLASS = YES_ERROR;
				CLANG_WARN_UNREACHABLE_CODE = YES;
				CLANG_WARN__DUPLICATE_METHOD_MATCH = YES;
				"CODE_SIGN_IDENTITY[sdk=iphoneos*]" = "iPhone Developer";
				COPY_PHASE_STRIP = NO;
				DEBUG_INFORMATION_FORMAT = "dwarf-with-dsym";
				ENABLE_NS_ASSERTIONS = NO;
				ENABLE_STRICT_OBJC_MSGSEND = YES;
				GCC_C_LANGUAGE_STANDARD = gnu99;
				GCC_NO_COMMON_BLOCKS = YES;
				GCC_WARN_64_TO_32_BIT_CONVERSION = YES;
				GCC_WARN_ABOUT_RETURN_TYPE = YES_ERROR;
				GCC_WARN_UNDECLARED_SELECTOR = YES;
				GCC_WARN_UNINITIALIZED_AUTOS = YES_AGGRESSIVE;
				GCC_WARN_UNUSED_FUNCTION = YES;
				GCC_WARN_UNUSED_VARIABLE = YES;
				IPHONEOS_DEPLOYMENT_TARGET = 8.3;
				MTL_ENABLE_DEBUG_INFO = NO;
				SDKROOT = iphoneos;
				VALIDATE_PRODUCT = YES;
			};
			name = Release;
		};
		D3CAAA481AE5437A00C7BC53 /* Debug */ = {
			isa = XCBuildConfiguration;
			buildSettings = {
				ASSETCATALOG_COMPILER_APPICON_NAME = AppIcon;
				INFOPLIST_FILE = HackerBooksPro/Info.plist;
				LD_RUNPATH_SEARCH_PATHS = "$(inherited) @executable_path/Frameworks";
				PRODUCT_NAME = "$(TARGET_NAME)";
			};
			name = Debug;
		};
		D3CAAA491AE5437A00C7BC53 /* Release */ = {
			isa = XCBuildConfiguration;
			buildSettings = {
				ASSETCATALOG_COMPILER_APPICON_NAME = AppIcon;
				INFOPLIST_FILE = HackerBooksPro/Info.plist;
				LD_RUNPATH_SEARCH_PATHS = "$(inherited) @executable_path/Frameworks";
				PRODUCT_NAME = "$(TARGET_NAME)";
			};
			name = Release;
		};
		D3CAAA4B1AE5437A00C7BC53 /* Debug */ = {
			isa = XCBuildConfiguration;
			buildSettings = {
				BUNDLE_LOADER = "$(TEST_HOST)";
				FRAMEWORK_SEARCH_PATHS = (
					"$(SDKROOT)/Developer/Library/Frameworks",
					"$(inherited)",
				);
				GCC_PREPROCESSOR_DEFINITIONS = (
					"DEBUG=1",
					"$(inherited)",
				);
				INFOPLIST_FILE = HackerBooksProTests/Info.plist;
				LD_RUNPATH_SEARCH_PATHS = "$(inherited) @executable_path/Frameworks @loader_path/Frameworks";
				PRODUCT_NAME = "$(TARGET_NAME)";
				TEST_HOST = "$(BUILT_PRODUCTS_DIR)/HackerBooksPro.app/HackerBooksPro";
			};
			name = Debug;
		};
		D3CAAA4C1AE5437A00C7BC53 /* Release */ = {
			isa = XCBuildConfiguration;
			buildSettings = {
				BUNDLE_LOADER = "$(TEST_HOST)";
				FRAMEWORK_SEARCH_PATHS = (
					"$(SDKROOT)/Developer/Library/Frameworks",
					"$(inherited)",
				);
				INFOPLIST_FILE = HackerBooksProTests/Info.plist;
				LD_RUNPATH_SEARCH_PATHS = "$(inherited) @executable_path/Frameworks @loader_path/Frameworks";
				PRODUCT_NAME = "$(TARGET_NAME)";
				TEST_HOST = "$(BUILT_PRODUCTS_DIR)/HackerBooksPro.app/HackerBooksPro";
			};
			name = Release;
		};
/* End XCBuildConfiguration section */

/* Begin XCConfigurationList section */
		D3CAAA1F1AE5437A00C7BC53 /* Build configuration list for PBXProject "HackerBooksPro" */ = {
			isa = XCConfigurationList;
			buildConfigurations = (
				D3CAAA451AE5437A00C7BC53 /* Debug */,
				D3CAAA461AE5437A00C7BC53 /* Release */,
			);
			defaultConfigurationIsVisible = 0;
			defaultConfigurationName = Release;
		};
		D3CAAA471AE5437A00C7BC53 /* Build configuration list for PBXNativeTarget "HackerBooksPro" */ = {
			isa = XCConfigurationList;
			buildConfigurations = (
				D3CAAA481AE5437A00C7BC53 /* Debug */,
				D3CAAA491AE5437A00C7BC53 /* Release */,
			);
			defaultConfigurationIsVisible = 0;
		};
		D3CAAA4A1AE5437A00C7BC53 /* Build configuration list for PBXNativeTarget "HackerBooksProTests" */ = {
			isa = XCConfigurationList;
			buildConfigurations = (
				D3CAAA4B1AE5437A00C7BC53 /* Debug */,
				D3CAAA4C1AE5437A00C7BC53 /* Release */,
			);
			defaultConfigurationIsVisible = 0;
		};
/* End XCConfigurationList section */
	};
	rootObject = D3CAAA1C1AE5437A00C7BC53 /* Project object */;
}
